# This file is autogenerated, do not edit; changes may be undone by the next 'dep ensure'.


[[projects]]
  name = "github.com/Xe/ln"
  packages = ["."]
  revision = "466e05b2ef3e48ce08a367b6aaac09ee29a124e5"
  version = "v0.1"

[[projects]]
  branch = "master"
  name = "github.com/golang/protobuf"
  packages = [
    "jsonpb",
    "proto",
    "ptypes/struct"
  ]
  revision = "1e59b77b52bf8e4b449a57e6f79f21226d571845"

[[projects]]
  branch = "master"
  name = "github.com/heroku/x"
  packages = [
    "hmetrics",
    "hmetrics/onload"
  ]
  revision = "705849e307dd75c91728463dea5bfd08ef493e64"

[[projects]]
  branch = "master"
  name = "github.com/jtolds/qod"
  packages = ["."]
  revision = "3abb44dfc7ba8b5cdfdb634786f57e78c7004e1c"

[[projects]]
  name = "github.com/magefile/mage"
  packages = [
    "build",
    "mage",
    "mg",
    "parse",
    "parse/srcimporter",
    "sh",
    "types"
  ]
  revision = "ab3ca2f6f85577d7ec82e0a6df721147a2e737f9"
  version = "v2.0.1"

[[projects]]
  name = "github.com/pkg/errors"
  packages = ["."]
  revision = "645ef00459ed84a119197bfb8d8205042c6df63d"
  version = "v0.8.0"

[[projects]]
  name = "github.com/rakyll/statik"
  packages = ["fs"]
  revision = "fd36b3595eb2ec8da4b8153b107f7ea08504899d"
  version = "v0.1.1"

[[projects]]
  name = "github.com/twitchtv/twirp"
  packages = [
    ".",
    "ctxsetters",
    "internal/contextkeys"
  ]
  revision = "db96cdf354e8dc053e5ee5fe890bb0a7f18123ab"
  version = "v5.0.0"

[[projects]]
  branch = "master"
  name = "golang.org/x/net"
  packages = [
    "context",
    "internal/timeseries",
    "trace"
  ]
  revision = "5ccada7d0a7ba9aeb5d3aca8d3501b4c2a509fec"

[solve-meta]
  analyzer-name = "dep"
  analyzer-version = 1
  inputs-digest = "ff07a7aebc24f1446240026b1f81eb36e48ad6d57dddfb83fc20d12e620ff051"
  solver-name = "gps-cdcl"
  solver-version = 1
